// !$*UTF8*$!
{
	archiveVersion = 1;
	classes = {
	};
	objectVersion = 56;
	objects = {

/* Begin PBXBuildFile section */
		04601B1F2A30AE73008B13AC /* Coordinator.swift in Sources */ = {isa = PBXBuildFile; fileRef = 04601B1E2A30AE73008B13AC /* Coordinator.swift */; };
		04601B222A30E76D008B13AC /* GeneralInfoViewModel.swift in Sources */ = {isa = PBXBuildFile; fileRef = 04601B212A30E76D008B13AC /* GeneralInfoViewModel.swift */; };
		048C3E8E2A309257008B0BED /* AppDelegate.swift in Sources */ = {isa = PBXBuildFile; fileRef = 048C3E8D2A309257008B0BED /* AppDelegate.swift */; };
		048C3E902A309257008B0BED /* SceneDelegate.swift in Sources */ = {isa = PBXBuildFile; fileRef = 048C3E8F2A309257008B0BED /* SceneDelegate.swift */; };
		048C3E922A309257008B0BED /* MainViewController.swift in Sources */ = {isa = PBXBuildFile; fileRef = 048C3E912A309257008B0BED /* MainViewController.swift */; };
		048C3E952A309257008B0BED /* Main.storyboard in Resources */ = {isa = PBXBuildFile; fileRef = 048C3E932A309257008B0BED /* Main.storyboard */; };
		048C3E9A2A309259008B0BED /* Assets.xcassets in Resources */ = {isa = PBXBuildFile; fileRef = 048C3E992A309259008B0BED /* Assets.xcassets */; };
		048C3E9D2A309259008B0BED /* LaunchScreen.storyboard in Resources */ = {isa = PBXBuildFile; fileRef = 048C3E9B2A309259008B0BED /* LaunchScreen.storyboard */; };
		048C3EBE2A3094A2008B0BED /* UIButtonExtension.swift in Sources */ = {isa = PBXBuildFile; fileRef = 048C3EBD2A3094A2008B0BED /* UIButtonExtension.swift */; };
		04A9A7E32A31C95A00EEDED5 /* ApiClient.swift in Sources */ = {isa = PBXBuildFile; fileRef = 04A9A7E22A31C95A00EEDED5 /* ApiClient.swift */; };
		04CF01FE2A385F4500E8481D /* AuthManager.swift in Sources */ = {isa = PBXBuildFile; fileRef = 04CF01FD2A385F4500E8481D /* AuthManager.swift */; };
		04CF02002A38610F00E8481D /* AuthanticationViewController.swift in Sources */ = {isa = PBXBuildFile; fileRef = 04CF01FF2A38610F00E8481D /* AuthanticationViewController.swift */; };
		04CF02082A3890D700E8481D /* TokenModel.swift in Sources */ = {isa = PBXBuildFile; fileRef = 04CF02072A3890D700E8481D /* TokenModel.swift */; };
		04D52A8D2A333876007B5F35 /* Reachability.swift in Sources */ = {isa = PBXBuildFile; fileRef = 04D52A8C2A333876007B5F35 /* Reachability.swift */; };
		04F5ACFD2A39146D00185808 /* DashboardViewController.swift in Sources */ = {isa = PBXBuildFile; fileRef = 04F5ACFC2A39146D00185808 /* DashboardViewController.swift */; };
		04F5ACFF2A39147800185808 /* Dashboard.storyboard in Resources */ = {isa = PBXBuildFile; fileRef = 04F5ACFE2A39147800185808 /* Dashboard.storyboard */; };
/* End PBXBuildFile section */

/* Begin PBXFileReference section */
		04601B1E2A30AE73008B13AC /* Coordinator.swift */ = {isa = PBXFileReference; lastKnownFileType = sourcecode.swift; path = Coordinator.swift; sourceTree = "<group>"; };
		04601B212A30E76D008B13AC /* GeneralInfoViewModel.swift */ = {isa = PBXFileReference; lastKnownFileType = sourcecode.swift; path = GeneralInfoViewModel.swift; sourceTree = "<group>"; };
		048C3E8A2A309256008B0BED /* Teleprompt.app */ = {isa = PBXFileReference; explicitFileType = wrapper.application; includeInIndex = 0; path = Teleprompt.app; sourceTree = BUILT_PRODUCTS_DIR; };
		048C3E8D2A309257008B0BED /* AppDelegate.swift */ = {isa = PBXFileReference; lastKnownFileType = sourcecode.swift; path = AppDelegate.swift; sourceTree = "<group>"; };
		048C3E8F2A309257008B0BED /* SceneDelegate.swift */ = {isa = PBXFileReference; lastKnownFileType = sourcecode.swift; path = SceneDelegate.swift; sourceTree = "<group>"; };
		048C3E912A309257008B0BED /* MainViewController.swift */ = {isa = PBXFileReference; lastKnownFileType = sourcecode.swift; path = MainViewController.swift; sourceTree = "<group>"; };
		048C3E942A309257008B0BED /* Base */ = {isa = PBXFileReference; lastKnownFileType = file.storyboard; name = Base; path = Base.lproj/Main.storyboard; sourceTree = "<group>"; };
		048C3E992A309259008B0BED /* Assets.xcassets */ = {isa = PBXFileReference; lastKnownFileType = folder.assetcatalog; path = Assets.xcassets; sourceTree = "<group>"; };
		048C3E9C2A309259008B0BED /* Base */ = {isa = PBXFileReference; lastKnownFileType = file.storyboard; name = Base; path = Base.lproj/LaunchScreen.storyboard; sourceTree = "<group>"; };
		048C3E9E2A309259008B0BED /* Info.plist */ = {isa = PBXFileReference; lastKnownFileType = text.plist.xml; path = Info.plist; sourceTree = "<group>"; };
		048C3EBD2A3094A2008B0BED /* UIButtonExtension.swift */ = {isa = PBXFileReference; lastKnownFileType = sourcecode.swift; path = UIButtonExtension.swift; sourceTree = "<group>"; };
		04A9A7E22A31C95A00EEDED5 /* ApiClient.swift */ = {isa = PBXFileReference; lastKnownFileType = sourcecode.swift; path = ApiClient.swift; sourceTree = "<group>"; };
		04CF01FD2A385F4500E8481D /* AuthManager.swift */ = {isa = PBXFileReference; lastKnownFileType = sourcecode.swift; path = AuthManager.swift; sourceTree = "<group>"; };
		04CF01FF2A38610F00E8481D /* AuthanticationViewController.swift */ = {isa = PBXFileReference; lastKnownFileType = sourcecode.swift; path = AuthanticationViewController.swift; sourceTree = "<group>"; };
		04CF02072A3890D700E8481D /* TokenModel.swift */ = {isa = PBXFileReference; lastKnownFileType = sourcecode.swift; path = TokenModel.swift; sourceTree = "<group>"; };
		04D52A8C2A333876007B5F35 /* Reachability.swift */ = {isa = PBXFileReference; lastKnownFileType = sourcecode.swift; path = Reachability.swift; sourceTree = "<group>"; };
		04F5ACFC2A39146D00185808 /* DashboardViewController.swift */ = {isa = PBXFileReference; lastKnownFileType = sourcecode.swift; path = DashboardViewController.swift; sourceTree = "<group>"; };
		04F5ACFE2A39147800185808 /* Dashboard.storyboard */ = {isa = PBXFileReference; lastKnownFileType = file.storyboard; path = Dashboard.storyboard; sourceTree = "<group>"; };
		04F5AD012A39198B00185808 /* Inter-Medium.ttf */ = {isa = PBXFileReference; lastKnownFileType = file; path = "Inter-Medium.ttf"; sourceTree = "<group>"; };
		04F5AD022A39198B00185808 /* Inter-Black.ttf */ = {isa = PBXFileReference; lastKnownFileType = file; path = "Inter-Black.ttf"; sourceTree = "<group>"; };
		04F5AD032A39198B00185808 /* Inter-ExtraBold.ttf */ = {isa = PBXFileReference; lastKnownFileType = file; path = "Inter-ExtraBold.ttf"; sourceTree = "<group>"; };
		04F5AD042A39198B00185808 /* Inter-Regular.ttf */ = {isa = PBXFileReference; lastKnownFileType = file; path = "Inter-Regular.ttf"; sourceTree = "<group>"; };
		04F5AD052A39198B00185808 /* Inter-ExtraLight.ttf */ = {isa = PBXFileReference; lastKnownFileType = file; path = "Inter-ExtraLight.ttf"; sourceTree = "<group>"; };
		04F5AD062A39198B00185808 /* Inter-SemiBold.ttf */ = {isa = PBXFileReference; lastKnownFileType = file; path = "Inter-SemiBold.ttf"; sourceTree = "<group>"; };
		04F5AD072A39198B00185808 /* Inter-Thin.ttf */ = {isa = PBXFileReference; lastKnownFileType = file; path = "Inter-Thin.ttf"; sourceTree = "<group>"; };
		04F5AD082A39198C00185808 /* Inter-Bold.ttf */ = {isa = PBXFileReference; lastKnownFileType = file; path = "Inter-Bold.ttf"; sourceTree = "<group>"; };
		04F5AD092A39198C00185808 /* Inter-Light.ttf */ = {isa = PBXFileReference; lastKnownFileType = file; path = "Inter-Light.ttf"; sourceTree = "<group>"; };
/* End PBXFileReference section */

/* Begin PBXFrameworksBuildPhase section */
		048C3E872A309256008B0BED /* Frameworks */ = {
			isa = PBXFrameworksBuildPhase;
			buildActionMask = 2147483647;
			files = (
			);
			runOnlyForDeploymentPostprocessing = 0;
		};
/* End PBXFrameworksBuildPhase section */

/* Begin PBXGroup section */
		04601B1D2A30A86D008B13AC /* Coordinator */ = {
			isa = PBXGroup;
			children = (
				04601B1E2A30AE73008B13AC /* Coordinator.swift */,
			);
			path = Coordinator;
			sourceTree = "<group>";
		};
		048C3E812A309256008B0BED = {
			isa = PBXGroup;
			children = (
				048C3E8C2A309256008B0BED /* Teleprompt */,
				048C3E8B2A309256008B0BED /* Products */,
			);
			sourceTree = "<group>";
		};
		048C3E8B2A309256008B0BED /* Products */ = {
			isa = PBXGroup;
			children = (
				048C3E8A2A309256008B0BED /* Teleprompt.app */,
			);
			name = Products;
			sourceTree = "<group>";
		};
		048C3E8C2A309256008B0BED /* Teleprompt */ = {
			isa = PBXGroup;
			children = (
				048C3EBA2A309416008B0BED /* Application */,
				048C3EAE2A309338008B0BED /* CoreData */,
				048C3EAB2A3092F7008B0BED /* Resources */,
				048C3EAA2A3092ED008B0BED /* Enums */,
				048C3EA92A3092E2008B0BED /* Helpers */,
				048C3EA82A3092D7008B0BED /* Services */,
				048C3EA72A3092C9008B0BED /* ViewControllers */,
				048C3EA62A3092BE008B0BED /* Views */,
				048C3EA52A3092B6008B0BED /* ViewModels */,
				048C3EA42A3092B1008B0BED /* Models */,
				048C3E9E2A309259008B0BED /* Info.plist */,
			);
			path = Teleprompt;
			sourceTree = "<group>";
		};
		048C3EA42A3092B1008B0BED /* Models */ = {
			isa = PBXGroup;
			children = (
				04CF02072A3890D700E8481D /* TokenModel.swift */,
			);
			path = Models;
			sourceTree = "<group>";
		};
		048C3EA52A3092B6008B0BED /* ViewModels */ = {
			isa = PBXGroup;
			children = (
				04601B212A30E76D008B13AC /* GeneralInfoViewModel.swift */,
			);
			path = ViewModels;
			sourceTree = "<group>";
		};
		048C3EA62A3092BE008B0BED /* Views */ = {
			isa = PBXGroup;
			children = (
				048C3EAD2A309313008B0BED /* UI */,
				048C3EAC2A309303008B0BED /* Storyboards */,
			);
			path = Views;
			sourceTree = "<group>";
		};
		048C3EA72A3092C9008B0BED /* ViewControllers */ = {
			isa = PBXGroup;
			children = (
				04F5ACFA2A38DC9900185808 /* Dashboard */,
				048C3EAF2A309366008B0BED /* Main */,
				048C3E912A309257008B0BED /* MainViewController.swift */,
				04CF01FF2A38610F00E8481D /* AuthanticationViewController.swift */,
			);
			path = ViewControllers;
			sourceTree = "<group>";
		};
		048C3EA82A3092D7008B0BED /* Services */ = {
			isa = PBXGroup;
			children = (
				04A9A7E22A31C95A00EEDED5 /* ApiClient.swift */,
				04CF01FD2A385F4500E8481D /* AuthManager.swift */,
			);
			path = Services;
			sourceTree = "<group>";
		};
		048C3EA92A3092E2008B0BED /* Helpers */ = {
			isa = PBXGroup;
			children = (
				04D52A8B2A333866007B5F35 /* Reachability */,
				04601B1D2A30A86D008B13AC /* Coordinator */,
				048C3EBC2A30944C008B0BED /* Extensions */,
			);
			path = Helpers;
			sourceTree = "<group>";
		};
		048C3EAA2A3092ED008B0BED /* Enums */ = {
			isa = PBXGroup;
			children = (
			);
			path = Enums;
			sourceTree = "<group>";
		};
		048C3EAB2A3092F7008B0BED /* Resources */ = {
			isa = PBXGroup;
			children = (
				04F5AD002A39198200185808 /* Fonts */,
				048C3E992A309259008B0BED /* Assets.xcassets */,
			);
			path = Resources;
			sourceTree = "<group>";
		};
		048C3EAC2A309303008B0BED /* Storyboards */ = {
			isa = PBXGroup;
			children = (
				04F5ACFB2A38DCA500185808 /* Dashboard */,
				048C3EB92A3093EF008B0BED /* Launch */,
				048C3EB42A3093E8008B0BED /* Main */,
			);
			path = Storyboards;
			sourceTree = "<group>";
		};
		048C3EAD2A309313008B0BED /* UI */ = {
			isa = PBXGroup;
			children = (
			);
			path = UI;
			sourceTree = "<group>";
		};
		048C3EAE2A309338008B0BED /* CoreData */ = {
			isa = PBXGroup;
			children = (
			);
			path = CoreData;
			sourceTree = "<group>";
		};
		048C3EAF2A309366008B0BED /* Main */ = {
			isa = PBXGroup;
			children = (
			);
			path = Main;
			sourceTree = "<group>";
		};
		048C3EB42A3093E8008B0BED /* Main */ = {
			isa = PBXGroup;
			children = (
				048C3E932A309257008B0BED /* Main.storyboard */,
			);
			path = Main;
			sourceTree = "<group>";
		};
		048C3EB92A3093EF008B0BED /* Launch */ = {
			isa = PBXGroup;
			children = (
				048C3E9B2A309259008B0BED /* LaunchScreen.storyboard */,
			);
			path = Launch;
			sourceTree = "<group>";
		};
		048C3EBA2A309416008B0BED /* Application */ = {
			isa = PBXGroup;
			children = (
				048C3E8D2A309257008B0BED /* AppDelegate.swift */,
				048C3E8F2A309257008B0BED /* SceneDelegate.swift */,
			);
			path = Application;
			sourceTree = "<group>";
		};
		048C3EBC2A30944C008B0BED /* Extensions */ = {
			isa = PBXGroup;
			children = (
				048C3EBD2A3094A2008B0BED /* UIButtonExtension.swift */,
			);
			path = Extensions;
			sourceTree = "<group>";
		};
		04D52A8B2A333866007B5F35 /* Reachability */ = {
			isa = PBXGroup;
			children = (
				04D52A8C2A333876007B5F35 /* Reachability.swift */,
			);
			path = Reachability;
			sourceTree = "<group>";
		};
		04F5ACFA2A38DC9900185808 /* Dashboard */ = {
			isa = PBXGroup;
			children = (
				04F5ACFC2A39146D00185808 /* DashboardViewController.swift */,
			);
			path = Dashboard;
			sourceTree = "<group>";
		};
		04F5ACFB2A38DCA500185808 /* Dashboard */ = {
			isa = PBXGroup;
			children = (
				04F5ACFE2A39147800185808 /* Dashboard.storyboard */,
			);
			path = Dashboard;
			sourceTree = "<group>";
		};
		04F5AD002A39198200185808 /* Fonts */ = {
			isa = PBXGroup;
			children = (
				04F5AD022A39198B00185808 /* Inter-Black.ttf */,
				04F5AD082A39198C00185808 /* Inter-Bold.ttf */,
				04F5AD032A39198B00185808 /* Inter-ExtraBold.ttf */,
				04F5AD052A39198B00185808 /* Inter-ExtraLight.ttf */,
				04F5AD092A39198C00185808 /* Inter-Light.ttf */,
				04F5AD012A39198B00185808 /* Inter-Medium.ttf */,
				04F5AD042A39198B00185808 /* Inter-Regular.ttf */,
				04F5AD062A39198B00185808 /* Inter-SemiBold.ttf */,
				04F5AD072A39198B00185808 /* Inter-Thin.ttf */,
			);
			path = Fonts;
			sourceTree = "<group>";
		};
/* End PBXGroup section */

/* Begin PBXNativeTarget section */
		048C3E892A309256008B0BED /* Teleprompt */ = {
			isa = PBXNativeTarget;
			buildConfigurationList = 048C3EA12A309259008B0BED /* Build configuration list for PBXNativeTarget "Teleprompt" */;
			buildPhases = (
				048C3E862A309256008B0BED /* Sources */,
				048C3E872A309256008B0BED /* Frameworks */,
				048C3E882A309256008B0BED /* Resources */,
			);
			buildRules = (
			);
			dependencies = (
			);
			name = Teleprompt;
			productName = "Poker Tutorials and Practice Exercises";
			productReference = 048C3E8A2A309256008B0BED /* Teleprompt.app */;
			productType = "com.apple.product-type.application";
		};
/* End PBXNativeTarget section */

/* Begin PBXProject section */
		048C3E822A309256008B0BED /* Project object */ = {
			isa = PBXProject;
			attributes = {
				BuildIndependentTargetsInParallel = 1;
				LastSwiftUpdateCheck = 1420;
				LastUpgradeCheck = 1420;
				TargetAttributes = {
					048C3E892A309256008B0BED = {
						CreatedOnToolsVersion = 14.2;
					};
				};
			};
			buildConfigurationList = 048C3E852A309256008B0BED /* Build configuration list for PBXProject "Teleprompt" */;
			compatibilityVersion = "Xcode 14.0";
			developmentRegion = en;
			hasScannedForEncodings = 0;
			knownRegions = (
				en,
				Base,
			);
			mainGroup = 048C3E812A309256008B0BED;
			productRefGroup = 048C3E8B2A309256008B0BED /* Products */;
			projectDirPath = "";
			projectRoot = "";
			targets = (
				048C3E892A309256008B0BED /* Teleprompt */,
			);
		};
/* End PBXProject section */

/* Begin PBXResourcesBuildPhase section */
		048C3E882A309256008B0BED /* Resources */ = {
			isa = PBXResourcesBuildPhase;
			buildActionMask = 2147483647;
			files = (
				048C3E9D2A309259008B0BED /* LaunchScreen.storyboard in Resources */,
				048C3E9A2A309259008B0BED /* Assets.xcassets in Resources */,
				048C3E952A309257008B0BED /* Main.storyboard in Resources */,
				04F5ACFF2A39147800185808 /* Dashboard.storyboard in Resources */,
			);
			runOnlyForDeploymentPostprocessing = 0;
		};
/* End PBXResourcesBuildPhase section */

/* Begin PBXSourcesBuildPhase section */
		048C3E862A309256008B0BED /* Sources */ = {
			isa = PBXSourcesBuildPhase;
			buildActionMask = 2147483647;
			files = (
				04CF02002A38610F00E8481D /* AuthanticationViewController.swift in Sources */,
				04CF02082A3890D700E8481D /* TokenModel.swift in Sources */,
				04D52A8D2A333876007B5F35 /* Reachability.swift in Sources */,
				04CF01FE2A385F4500E8481D /* AuthManager.swift in Sources */,
				048C3EBE2A3094A2008B0BED /* UIButtonExtension.swift in Sources */,
				04601B222A30E76D008B13AC /* GeneralInfoViewModel.swift in Sources */,
				048C3E922A309257008B0BED /* MainViewController.swift in Sources */,
				04F5ACFD2A39146D00185808 /* DashboardViewController.swift in Sources */,
				048C3E8E2A309257008B0BED /* AppDelegate.swift in Sources */,
				048C3E902A309257008B0BED /* SceneDelegate.swift in Sources */,
				04601B1F2A30AE73008B13AC /* Coordinator.swift in Sources */,
				04A9A7E32A31C95A00EEDED5 /* ApiClient.swift in Sources */,
			);
			runOnlyForDeploymentPostprocessing = 0;
		};
/* End PBXSourcesBuildPhase section */

/* Begin PBXVariantGroup section */
		048C3E932A309257008B0BED /* Main.storyboard */ = {
			isa = PBXVariantGroup;
			children = (
				048C3E942A309257008B0BED /* Base */,
			);
			name = Main.storyboard;
			sourceTree = "<group>";
		};
		048C3E9B2A309259008B0BED /* LaunchScreen.storyboard */ = {
			isa = PBXVariantGroup;
			children = (
				048C3E9C2A309259008B0BED /* Base */,
			);
			name = LaunchScreen.storyboard;
			sourceTree = "<group>";
		};
/* End PBXVariantGroup section */

/* Begin XCBuildConfiguration section */
		048C3E9F2A309259008B0BED /* Debug */ = {
			isa = XCBuildConfiguration;
			buildSettings = {
				ALWAYS_SEARCH_USER_PATHS = NO;
				CLANG_ANALYZER_NONNULL = YES;
				CLANG_ANALYZER_NUMBER_OBJECT_CONVERSION = YES_AGGRESSIVE;
				CLANG_CXX_LANGUAGE_STANDARD = "gnu++20";
				CLANG_ENABLE_MODULES = YES;
				CLANG_ENABLE_OBJC_ARC = YES;
				CLANG_ENABLE_OBJC_WEAK = YES;
				CLANG_WARN_BLOCK_CAPTURE_AUTORELEASING = YES;
				CLANG_WARN_BOOL_CONVERSION = YES;
				CLANG_WARN_COMMA = YES;
				CLANG_WARN_CONSTANT_CONVERSION = YES;
				CLANG_WARN_DEPRECATED_OBJC_IMPLEMENTATIONS = YES;
				CLANG_WARN_DIRECT_OBJC_ISA_USAGE = YES_ERROR;
				CLANG_WARN_DOCUMENTATION_COMMENTS = YES;
				CLANG_WARN_EMPTY_BODY = YES;
				CLANG_WARN_ENUM_CONVERSION = YES;
				CLANG_WARN_INFINITE_RECURSION = YES;
				CLANG_WARN_INT_CONVERSION = YES;
				CLANG_WARN_NON_LITERAL_NULL_CONVERSION = YES;
				CLANG_WARN_OBJC_IMPLICIT_RETAIN_SELF = YES;
				CLANG_WARN_OBJC_LITERAL_CONVERSION = YES;
				CLANG_WARN_OBJC_ROOT_CLASS = YES_ERROR;
				CLANG_WARN_QUOTED_INCLUDE_IN_FRAMEWORK_HEADER = YES;
				CLANG_WARN_RANGE_LOOP_ANALYSIS = YES;
				CLANG_WARN_STRICT_PROTOTYPES = YES;
				CLANG_WARN_SUSPICIOUS_MOVE = YES;
				CLANG_WARN_UNGUARDED_AVAILABILITY = YES_AGGRESSIVE;
				CLANG_WARN_UNREACHABLE_CODE = YES;
				CLANG_WARN__DUPLICATE_METHOD_MATCH = YES;
				COPY_PHASE_STRIP = NO;
				DEBUG_INFORMATION_FORMAT = dwarf;
				ENABLE_STRICT_OBJC_MSGSEND = YES;
				ENABLE_TESTABILITY = YES;
				GCC_C_LANGUAGE_STANDARD = gnu11;
				GCC_DYNAMIC_NO_PIC = NO;
				GCC_NO_COMMON_BLOCKS = YES;
				GCC_OPTIMIZATION_LEVEL = 0;
				GCC_PREPROCESSOR_DEFINITIONS = (
					"DEBUG=1",
					"$(inherited)",
				);
				GCC_WARN_64_TO_32_BIT_CONVERSION = YES;
				GCC_WARN_ABOUT_RETURN_TYPE = YES_ERROR;
				GCC_WARN_UNDECLARED_SELECTOR = YES;
				GCC_WARN_UNINITIALIZED_AUTOS = YES_AGGRESSIVE;
				GCC_WARN_UNUSED_FUNCTION = YES;
				GCC_WARN_UNUSED_VARIABLE = YES;
				IPHONEOS_DEPLOYMENT_TARGET = 16.2;
				MTL_ENABLE_DEBUG_INFO = INCLUDE_SOURCE;
				MTL_FAST_MATH = YES;
				ONLY_ACTIVE_ARCH = YES;
				SDKROOT = iphoneos;
				SWIFT_ACTIVE_COMPILATION_CONDITIONS = DEBUG;
				SWIFT_OPTIMIZATION_LEVEL = "-Onone";
			};
			name = Debug;
		};
		048C3EA02A309259008B0BED /* Release */ = {
			isa = XCBuildConfiguration;
			buildSettings = {
				ALWAYS_SEARCH_USER_PATHS = NO;
				CLANG_ANALYZER_NONNULL = YES;
				CLANG_ANALYZER_NUMBER_OBJECT_CONVERSION = YES_AGGRESSIVE;
				CLANG_CXX_LANGUAGE_STANDARD = "gnu++20";
				CLANG_ENABLE_MODULES = YES;
				CLANG_ENABLE_OBJC_ARC = YES;
				CLANG_ENABLE_OBJC_WEAK = YES;
				CLANG_WARN_BLOCK_CAPTURE_AUTORELEASING = YES;
				CLANG_WARN_BOOL_CONVERSION = YES;
				CLANG_WARN_COMMA = YES;
				CLANG_WARN_CONSTANT_CONVERSION = YES;
				CLANG_WARN_DEPRECATED_OBJC_IMPLEMENTATIONS = YES;
				CLANG_WARN_DIRECT_OBJC_ISA_USAGE = YES_ERROR;
				CLANG_WARN_DOCUMENTATION_COMMENTS = YES;
				CLANG_WARN_EMPTY_BODY = YES;
				CLANG_WARN_ENUM_CONVERSION = YES;
				CLANG_WARN_INFINITE_RECURSION = YES;
				CLANG_WARN_INT_CONVERSION = YES;
				CLANG_WARN_NON_LITERAL_NULL_CONVERSION = YES;
				CLANG_WARN_OBJC_IMPLICIT_RETAIN_SELF = YES;
				CLANG_WARN_OBJC_LITERAL_CONVERSION = YES;
				CLANG_WARN_OBJC_ROOT_CLASS = YES_ERROR;
				CLANG_WARN_QUOTED_INCLUDE_IN_FRAMEWORK_HEADER = YES;
				CLANG_WARN_RANGE_LOOP_ANALYSIS = YES;
				CLANG_WARN_STRICT_PROTOTYPES = YES;
				CLANG_WARN_SUSPICIOUS_MOVE = YES;
				CLANG_WARN_UNGUARDED_AVAILABILITY = YES_AGGRESSIVE;
				CLANG_WARN_UNREACHABLE_CODE = YES;
				CLANG_WARN__DUPLICATE_METHOD_MATCH = YES;
				COPY_PHASE_STRIP = NO;
				DEBUG_INFORMATION_FORMAT = "dwarf-with-dsym";
				ENABLE_NS_ASSERTIONS = NO;
				ENABLE_STRICT_OBJC_MSGSEND = YES;
				GCC_C_LANGUAGE_STANDARD = gnu11;
				GCC_NO_COMMON_BLOCKS = YES;
				GCC_WARN_64_TO_32_BIT_CONVERSION = YES;
				GCC_WARN_ABOUT_RETURN_TYPE = YES_ERROR;
				GCC_WARN_UNDECLARED_SELECTOR = YES;
				GCC_WARN_UNINITIALIZED_AUTOS = YES_AGGRESSIVE;
				GCC_WARN_UNUSED_FUNCTION = YES;
				GCC_WARN_UNUSED_VARIABLE = YES;
				IPHONEOS_DEPLOYMENT_TARGET = 16.2;
				MTL_ENABLE_DEBUG_INFO = NO;
				MTL_FAST_MATH = YES;
				SDKROOT = iphoneos;
				SWIFT_COMPILATION_MODE = wholemodule;
				SWIFT_OPTIMIZATION_LEVEL = "-O";
				VALIDATE_PRODUCT = YES;
			};
			name = Release;
		};
		048C3EA22A309259008B0BED /* Debug */ = {
			isa = XCBuildConfiguration;
			buildSettings = {
				ASSETCATALOG_COMPILER_APPICON_NAME = AppIcon;
				ASSETCATALOG_COMPILER_GLOBAL_ACCENT_COLOR_NAME = AccentColor;
				CODE_SIGN_STYLE = Automatic;
				CURRENT_PROJECT_VERSION = 1;
				FRAMEWORK_SEARCH_PATHS = (
					"$(inherited)",
					"$(PROJECT_DIR)/Venuedock",
				);
				GENERATE_INFOPLIST_FILE = YES;
				INFOPLIST_FILE = Venuedock/Info.plist;
				INFOPLIST_KEY_CFBundleDisplayName = Teleprompt;
				INFOPLIST_KEY_UIApplicationSupportsIndirectInputEvents = YES;
				INFOPLIST_KEY_UILaunchStoryboardName = LaunchScreen.storyboard;
				INFOPLIST_KEY_UIMainStoryboardFile = Main;
				INFOPLIST_KEY_UISupportedInterfaceOrientations = UIInterfaceOrientationPortrait;
				INFOPLIST_KEY_UISupportedInterfaceOrientations_iPad = "UIInterfaceOrientationLandscapeLeft UIInterfaceOrientationLandscapeRight UIInterfaceOrientationPortrait UIInterfaceOrientationPortraitUpsideDown";
				IPHONEOS_DEPLOYMENT_TARGET = 14.0;
				LD_RUNPATH_SEARCH_PATHS = (
					"$(inherited)",
					"@executable_path/Frameworks",
				);
				MARKETING_VERSION = 1.0;
				OTHER_LDFLAGS = "-ObjC";
				PRODUCT_BUNDLE_IDENTIFIER = com.Venuedock;
				PRODUCT_NAME = "$(TARGET_NAME)";
				SUPPORTED_PLATFORMS = "iphoneos iphonesimulator";
				SUPPORTS_MACCATALYST = NO;
				SUPPORTS_MAC_DESIGNED_FOR_IPHONE_IPAD = NO;
				SWIFT_EMIT_LOC_STRINGS = YES;
				SWIFT_VERSION = 5.0;
				TARGETED_DEVICE_FAMILY = 1;
			};
			name = Debug;
		};
		048C3EA32A309259008B0BED /* Release */ = {
			isa = XCBuildConfiguration;
			buildSettings = {
				ASSETCATALOG_COMPILER_APPICON_NAME = AppIcon;
				ASSETCATALOG_COMPILER_GLOBAL_ACCENT_COLOR_NAME = AccentColor;
				CODE_SIGN_STYLE = Automatic;
				CURRENT_PROJECT_VERSION = 1;
				FRAMEWORK_SEARCH_PATHS = (
					"$(inherited)",
					"$(PROJECT_DIR)/Venuedock",
				);
				GENERATE_INFOPLIST_FILE = YES;
				INFOPLIST_FILE = Venuedock/Info.plist;
				INFOPLIST_KEY_CFBundleDisplayName = Teleprompt;
				INFOPLIST_KEY_UIApplicationSupportsIndirectInputEvents = YES;
				INFOPLIST_KEY_UILaunchStoryboardName = LaunchScreen.storyboard;
				INFOPLIST_KEY_UIMainStoryboardFile = Main;
				INFOPLIST_KEY_UISupportedInterfaceOrientations = UIInterfaceOrientationPortrait;
				INFOPLIST_KEY_UISupportedInterfaceOrientations_iPad = "UIInterfaceOrientationLandscapeLeft UIInterfaceOrientationLandscapeRight UIInterfaceOrientationPortrait UIInterfaceOrientationPortraitUpsideDown";
				IPHONEOS_DEPLOYMENT_TARGET = 14.0;
				LD_RUNPATH_SEARCH_PATHS = (
					"$(inherited)",
					"@executable_path/Frameworks",
				);
				MARKETING_VERSION = 1.0;
				OTHER_LDFLAGS = "-ObjC";
				PRODUCT_BUNDLE_IDENTIFIER = com.Venuedock;
				PRODUCT_NAME = "$(TARGET_NAME)";
				SUPPORTED_PLATFORMS = "iphoneos iphonesimulator";
				SUPPORTS_MACCATALYST = NO;
				SUPPORTS_MAC_DESIGNED_FOR_IPHONE_IPAD = NO;
				SWIFT_EMIT_LOC_STRINGS = YES;
				SWIFT_VERSION = 5.0;
				TARGETED_DEVICE_FAMILY = 1;
			};
			name = Release;
		};
/* End XCBuildConfiguration section */

/* Begin XCConfigurationList section */
		048C3E852A309256008B0BED /* Build configuration list for PBXProject "Teleprompt" */ = {
			isa = XCConfigurationList;
			buildConfigurations = (
				048C3E9F2A309259008B0BED /* Debug */,
				048C3EA02A309259008B0BED /* Release */,
			);
			defaultConfigurationIsVisible = 0;
			defaultConfigurationName = Release;
		};
		048C3EA12A309259008B0BED /* Build configuration list for PBXNativeTarget "Teleprompt" */ = {
			isa = XCConfigurationList;
			buildConfigurations = (
				048C3EA22A309259008B0BED /* Debug */,
				048C3EA32A309259008B0BED /* Release */,
			);
			defaultConfigurationIsVisible = 0;
			defaultConfigurationName = Release;
		};
/* End XCConfigurationList section */
	};
	rootObject = 048C3E822A309256008B0BED /* Project object */;
}
