// !$*UTF8*$!
{
	archiveVersion = 1;
	classes = {
	};
	objectVersion = 56;
	objects = {

/* Begin PBXBuildFile section */
		048C3E8E2A309257008B0BED /* AppDelegate.swift in Sources */ = {isa = PBXBuildFile; fileRef = 048C3E8D2A309257008B0BED /* AppDelegate.swift */; };
		048C3E902A309257008B0BED /* SceneDelegate.swift in Sources */ = {isa = PBXBuildFile; fileRef = 048C3E8F2A309257008B0BED /* SceneDelegate.swift */; };
		048C3E922A309257008B0BED /* ViewController.swift in Sources */ = {isa = PBXBuildFile; fileRef = 048C3E912A309257008B0BED /* ViewController.swift */; };
		048C3E952A309257008B0BED /* Main.storyboard in Resources */ = {isa = PBXBuildFile; fileRef = 048C3E932A309257008B0BED /* Main.storyboard */; };
		048C3E982A309257008B0BED /* Poker_Tutorials_and_Practice_Exercises.xcdatamodeld in Sources */ = {isa = PBXBuildFile; fileRef = 048C3E962A309257008B0BED /* Poker_Tutorials_and_Practice_Exercises.xcdatamodeld */; };
		048C3E9A2A309259008B0BED /* Assets.xcassets in Resources */ = {isa = PBXBuildFile; fileRef = 048C3E992A309259008B0BED /* Assets.xcassets */; };
		048C3E9D2A309259008B0BED /* LaunchScreen.storyboard in Resources */ = {isa = PBXBuildFile; fileRef = 048C3E9B2A309259008B0BED /* LaunchScreen.storyboard */; };
/* End PBXBuildFile section */

/* Begin PBXFileReference section */
		048C3E8A2A309256008B0BED /* Poker Tutorials and Practice Exercises.app */ = {isa = PBXFileReference; explicitFileType = wrapper.application; includeInIndex = 0; path = "Poker Tutorials and Practice Exercises.app"; sourceTree = BUILT_PRODUCTS_DIR; };
		048C3E8D2A309257008B0BED /* AppDelegate.swift */ = {isa = PBXFileReference; lastKnownFileType = sourcecode.swift; path = AppDelegate.swift; sourceTree = "<group>"; };
		048C3E8F2A309257008B0BED /* SceneDelegate.swift */ = {isa = PBXFileReference; lastKnownFileType = sourcecode.swift; path = SceneDelegate.swift; sourceTree = "<group>"; };
		048C3E912A309257008B0BED /* ViewController.swift */ = {isa = PBXFileReference; lastKnownFileType = sourcecode.swift; path = ViewController.swift; sourceTree = "<group>"; };
		048C3E942A309257008B0BED /* Base */ = {isa = PBXFileReference; lastKnownFileType = file.storyboard; name = Base; path = Base.lproj/Main.storyboard; sourceTree = "<group>"; };
		048C3E972A309257008B0BED /* Poker_Tutorials_and_Practice_Exercises.xcdatamodel */ = {isa = PBXFileReference; lastKnownFileType = wrapper.xcdatamodel; path = Poker_Tutorials_and_Practice_Exercises.xcdatamodel; sourceTree = "<group>"; };
		048C3E992A309259008B0BED /* Assets.xcassets */ = {isa = PBXFileReference; lastKnownFileType = folder.assetcatalog; path = Assets.xcassets; sourceTree = "<group>"; };
		048C3E9C2A309259008B0BED /* Base */ = {isa = PBXFileReference; lastKnownFileType = file.storyboard; name = Base; path = Base.lproj/LaunchScreen.storyboard; sourceTree = "<group>"; };
		048C3E9E2A309259008B0BED /* Info.plist */ = {isa = PBXFileReference; lastKnownFileType = text.plist.xml; path = Info.plist; sourceTree = "<group>"; };
/* End PBXFileReference section */

/* Begin PBXFrameworksBuildPhase section */
		048C3E872A309256008B0BED /* Frameworks */ = {
			isa = PBXFrameworksBuildPhase;
			buildActionMask = 2147483647;
			files = (
			);
			runOnlyForDeploymentPostprocessing = 0;
		};
/* End PBXFrameworksBuildPhase section */

/* Begin PBXGroup section */
		048C3E812A309256008B0BED = {
			isa = PBXGroup;
			children = (
				048C3E8C2A309256008B0BED /* Poker Tutorials and Practice Exercises */,
				048C3E8B2A309256008B0BED /* Products */,
			);
			sourceTree = "<group>";
		};
		048C3E8B2A309256008B0BED /* Products */ = {
			isa = PBXGroup;
			children = (
				048C3E8A2A309256008B0BED /* Poker Tutorials and Practice Exercises.app */,
			);
			name = Products;
			sourceTree = "<group>";
		};
		048C3E8C2A309256008B0BED /* Poker Tutorials and Practice Exercises */ = {
			isa = PBXGroup;
			children = (
				048C3E8D2A309257008B0BED /* AppDelegate.swift */,
				048C3E8F2A309257008B0BED /* SceneDelegate.swift */,
				048C3E912A309257008B0BED /* ViewController.swift */,
				048C3E932A309257008B0BED /* Main.storyboard */,
				048C3E992A309259008B0BED /* Assets.xcassets */,
				048C3E9B2A309259008B0BED /* LaunchScreen.storyboard */,
				048C3E9E2A309259008B0BED /* Info.plist */,
				048C3E962A309257008B0BED /* Poker_Tutorials_and_Practice_Exercises.xcdatamodeld */,
			);
			path = "Poker Tutorials and Practice Exercises";
			sourceTree = "<group>";
		};
/* End PBXGroup section */

/* Begin PBXNativeTarget section */
		048C3E892A309256008B0BED /* Poker Tutorials and Practice Exercises */ = {
			isa = PBXNativeTarget;
			buildConfigurationList = 048C3EA12A309259008B0BED /* Build configuration list for PBXNativeTarget "Poker Tutorials and Practice Exercises" */;
			buildPhases = (
				048C3E862A309256008B0BED /* Sources */,
				048C3E872A309256008B0BED /* Frameworks */,
				048C3E882A309256008B0BED /* Resources */,
			);
			buildRules = (
			);
			dependencies = (
			);
			name = "Poker Tutorials and Practice Exercises";
			productName = "Poker Tutorials and Practice Exercises";
			productReference = 048C3E8A2A309256008B0BED /* Poker Tutorials and Practice Exercises.app */;
			productType = "com.apple.product-type.application";
		};
/* End PBXNativeTarget section */

/* Begin PBXProject section */
		048C3E822A309256008B0BED /* Project object */ = {
			isa = PBXProject;
			attributes = {
				BuildIndependentTargetsInParallel = 1;
				LastSwiftUpdateCheck = 1420;
				LastUpgradeCheck = 1420;
				TargetAttributes = {
					048C3E892A309256008B0BED = {
						CreatedOnToolsVersion = 14.2;
					};
				};
			};
			buildConfigurationList = 048C3E852A309256008B0BED /* Build configuration list for PBXProject "Poker Tutorials and Practice Exercises" */;
			compatibilityVersion = "Xcode 14.0";
			developmentRegion = en;
			hasScannedForEncodings = 0;
			knownRegions = (
				en,
				Base,
			);
			mainGroup = 048C3E812A309256008B0BED;
			productRefGroup = 048C3E8B2A309256008B0BED /* Products */;
			projectDirPath = "";
			projectRoot = "";
			targets = (
				048C3E892A309256008B0BED /* Poker Tutorials and Practice Exercises */,
			);
		};
/* End PBXProject section */

/* Begin PBXResourcesBuildPhase section */
		048C3E882A309256008B0BED /* Resources */ = {
			isa = PBXResourcesBuildPhase;
			buildActionMask = 2147483647;
			files = (
				048C3E9D2A309259008B0BED /* LaunchScreen.storyboard in Resources */,
				048C3E9A2A309259008B0BED /* Assets.xcassets in Resources */,
				048C3E952A309257008B0BED /* Main.storyboard in Resources */,
			);
			runOnlyForDeploymentPostprocessing = 0;
		};
/* End PBXResourcesBuildPhase section */

/* Begin PBXSourcesBuildPhase section */
		048C3E862A309256008B0BED /* Sources */ = {
			isa = PBXSourcesBuildPhase;
			buildActionMask = 2147483647;
			files = (
				048C3E982A309257008B0BED /* Poker_Tutorials_and_Practice_Exercises.xcdatamodeld in Sources */,
				048C3E922A309257008B0BED /* ViewController.swift in Sources */,
				048C3E8E2A309257008B0BED /* AppDelegate.swift in Sources */,
				048C3E902A309257008B0BED /* SceneDelegate.swift in Sources */,
			);
			runOnlyForDeploymentPostprocessing = 0;
		};
/* End PBXSourcesBuildPhase section */

/* Begin PBXVariantGroup section */
		048C3E932A309257008B0BED /* Main.storyboard */ = {
			isa = PBXVariantGroup;
			children = (
				048C3E942A309257008B0BED /* Base */,
			);
			name = Main.storyboard;
			sourceTree = "<group>";
		};
		048C3E9B2A309259008B0BED /* LaunchScreen.storyboard */ = {
			isa = PBXVariantGroup;
			children = (
				048C3E9C2A309259008B0BED /* Base */,
			);
			name = LaunchScreen.storyboard;
			sourceTree = "<group>";
		};
/* End PBXVariantGroup section */

/* Begin XCBuildConfiguration section */
		048C3E9F2A309259008B0BED /* Debug */ = {
			isa = XCBuildConfiguration;
			buildSettings = {
				ALWAYS_SEARCH_USER_PATHS = NO;
				CLANG_ANALYZER_NONNULL = YES;
				CLANG_ANALYZER_NUMBER_OBJECT_CONVERSION = YES_AGGRESSIVE;
				CLANG_CXX_LANGUAGE_STANDARD = "gnu++20";
				CLANG_ENABLE_MODULES = YES;
				CLANG_ENABLE_OBJC_ARC = YES;
				CLANG_ENABLE_OBJC_WEAK = YES;
				CLANG_WARN_BLOCK_CAPTURE_AUTORELEASING = YES;
				CLANG_WARN_BOOL_CONVERSION = YES;
				CLANG_WARN_COMMA = YES;
				CLANG_WARN_CONSTANT_CONVERSION = YES;
				CLANG_WARN_DEPRECATED_OBJC_IMPLEMENTATIONS = YES;
				CLANG_WARN_DIRECT_OBJC_ISA_USAGE = YES_ERROR;
				CLANG_WARN_DOCUMENTATION_COMMENTS = YES;
				CLANG_WARN_EMPTY_BODY = YES;
				CLANG_WARN_ENUM_CONVERSION = YES;
				CLANG_WARN_INFINITE_RECURSION = YES;
				CLANG_WARN_INT_CONVERSION = YES;
				CLANG_WARN_NON_LITERAL_NULL_CONVERSION = YES;
				CLANG_WARN_OBJC_IMPLICIT_RETAIN_SELF = YES;
				CLANG_WARN_OBJC_LITERAL_CONVERSION = YES;
				CLANG_WARN_OBJC_ROOT_CLASS = YES_ERROR;
				CLANG_WARN_QUOTED_INCLUDE_IN_FRAMEWORK_HEADER = YES;
				CLANG_WARN_RANGE_LOOP_ANALYSIS = YES;
				CLANG_WARN_STRICT_PROTOTYPES = YES;
				CLANG_WARN_SUSPICIOUS_MOVE = YES;
				CLANG_WARN_UNGUARDED_AVAILABILITY = YES_AGGRESSIVE;
				CLANG_WARN_UNREACHABLE_CODE = YES;
				CLANG_WARN__DUPLICATE_METHOD_MATCH = YES;
				COPY_PHASE_STRIP = NO;
				DEBUG_INFORMATION_FORMAT = dwarf;
				ENABLE_STRICT_OBJC_MSGSEND = YES;
				ENABLE_TESTABILITY = YES;
				GCC_C_LANGUAGE_STANDARD = gnu11;
				GCC_DYNAMIC_NO_PIC = NO;
				GCC_NO_COMMON_BLOCKS = YES;
				GCC_OPTIMIZATION_LEVEL = 0;
				GCC_PREPROCESSOR_DEFINITIONS = (
					"DEBUG=1",
					"$(inherited)",
				);
				GCC_WARN_64_TO_32_BIT_CONVERSION = YES;
				GCC_WARN_ABOUT_RETURN_TYPE = YES_ERROR;
				GCC_WARN_UNDECLARED_SELECTOR = YES;
				GCC_WARN_UNINITIALIZED_AUTOS = YES_AGGRESSIVE;
				GCC_WARN_UNUSED_FUNCTION = YES;
				GCC_WARN_UNUSED_VARIABLE = YES;
				IPHONEOS_DEPLOYMENT_TARGET = 16.2;
				MTL_ENABLE_DEBUG_INFO = INCLUDE_SOURCE;
				MTL_FAST_MATH = YES;
				ONLY_ACTIVE_ARCH = YES;
				SDKROOT = iphoneos;
				SWIFT_ACTIVE_COMPILATION_CONDITIONS = DEBUG;
				SWIFT_OPTIMIZATION_LEVEL = "-Onone";
			};
			name = Debug;
		};
		048C3EA02A309259008B0BED /* Release */ = {
			isa = XCBuildConfiguration;
			buildSettings = {
				ALWAYS_SEARCH_USER_PATHS = NO;
				CLANG_ANALYZER_NONNULL = YES;
				CLANG_ANALYZER_NUMBER_OBJECT_CONVERSION = YES_AGGRESSIVE;
				CLANG_CXX_LANGUAGE_STANDARD = "gnu++20";
				CLANG_ENABLE_MODULES = YES;
				CLANG_ENABLE_OBJC_ARC = YES;
				CLANG_ENABLE_OBJC_WEAK = YES;
				CLANG_WARN_BLOCK_CAPTURE_AUTORELEASING = YES;
				CLANG_WARN_BOOL_CONVERSION = YES;
				CLANG_WARN_COMMA = YES;
				CLANG_WARN_CONSTANT_CONVERSION = YES;
				CLANG_WARN_DEPRECATED_OBJC_IMPLEMENTATIONS = YES;
				CLANG_WARN_DIRECT_OBJC_ISA_USAGE = YES_ERROR;
				CLANG_WARN_DOCUMENTATION_COMMENTS = YES;
				CLANG_WARN_EMPTY_BODY = YES;
				CLANG_WARN_ENUM_CONVERSION = YES;
				CLANG_WARN_INFINITE_RECURSION = YES;
				CLANG_WARN_INT_CONVERSION = YES;
				CLANG_WARN_NON_LITERAL_NULL_CONVERSION = YES;
				CLANG_WARN_OBJC_IMPLICIT_RETAIN_SELF = YES;
				CLANG_WARN_OBJC_LITERAL_CONVERSION = YES;
				CLANG_WARN_OBJC_ROOT_CLASS = YES_ERROR;
				CLANG_WARN_QUOTED_INCLUDE_IN_FRAMEWORK_HEADER = YES;
				CLANG_WARN_RANGE_LOOP_ANALYSIS = YES;
				CLANG_WARN_STRICT_PROTOTYPES = YES;
				CLANG_WARN_SUSPICIOUS_MOVE = YES;
				CLANG_WARN_UNGUARDED_AVAILABILITY = YES_AGGRESSIVE;
				CLANG_WARN_UNREACHABLE_CODE = YES;
				CLANG_WARN__DUPLICATE_METHOD_MATCH = YES;
				COPY_PHASE_STRIP = NO;
				DEBUG_INFORMATION_FORMAT = "dwarf-with-dsym";
				ENABLE_NS_ASSERTIONS = NO;
				ENABLE_STRICT_OBJC_MSGSEND = YES;
				GCC_C_LANGUAGE_STANDARD = gnu11;
				GCC_NO_COMMON_BLOCKS = YES;
				GCC_WARN_64_TO_32_BIT_CONVERSION = YES;
				GCC_WARN_ABOUT_RETURN_TYPE = YES_ERROR;
				GCC_WARN_UNDECLARED_SELECTOR = YES;
				GCC_WARN_UNINITIALIZED_AUTOS = YES_AGGRESSIVE;
				GCC_WARN_UNUSED_FUNCTION = YES;
				GCC_WARN_UNUSED_VARIABLE = YES;
				IPHONEOS_DEPLOYMENT_TARGET = 16.2;
				MTL_ENABLE_DEBUG_INFO = NO;
				MTL_FAST_MATH = YES;
				SDKROOT = iphoneos;
				SWIFT_COMPILATION_MODE = wholemodule;
				SWIFT_OPTIMIZATION_LEVEL = "-O";
				VALIDATE_PRODUCT = YES;
			};
			name = Release;
		};
		048C3EA22A309259008B0BED /* Debug */ = {
			isa = XCBuildConfiguration;
			buildSettings = {
				ASSETCATALOG_COMPILER_APPICON_NAME = AppIcon;
				ASSETCATALOG_COMPILER_GLOBAL_ACCENT_COLOR_NAME = AccentColor;
				CODE_SIGN_STYLE = Automatic;
				CURRENT_PROJECT_VERSION = 1;
				GENERATE_INFOPLIST_FILE = YES;
				INFOPLIST_FILE = "Poker Tutorials and Practice Exercises/Info.plist";
				INFOPLIST_KEY_UIApplicationSupportsIndirectInputEvents = YES;
				INFOPLIST_KEY_UILaunchStoryboardName = LaunchScreen;
				INFOPLIST_KEY_UIMainStoryboardFile = Main;
				INFOPLIST_KEY_UISupportedInterfaceOrientations_iPad = "UIInterfaceOrientationPortrait UIInterfaceOrientationPortraitUpsideDown UIInterfaceOrientationLandscapeLeft UIInterfaceOrientationLandscapeRight";
				INFOPLIST_KEY_UISupportedInterfaceOrientations_iPhone = "UIInterfaceOrientationPortrait UIInterfaceOrientationLandscapeLeft UIInterfaceOrientationLandscapeRight";
				LD_RUNPATH_SEARCH_PATHS = (
					"$(inherited)",
					"@executable_path/Frameworks",
				);
				MARKETING_VERSION = 1.0;
				PRODUCT_BUNDLE_IDENTIFIER = "com2.Poker-Tutorials-and-Practice-Exercises";
				PRODUCT_NAME = "$(TARGET_NAME)";
				SWIFT_EMIT_LOC_STRINGS = YES;
				SWIFT_VERSION = 5.0;
				TARGETED_DEVICE_FAMILY = "1,2";
			};
			name = Debug;
		};
		048C3EA32A309259008B0BED /* Release */ = {
			isa = XCBuildConfiguration;
			buildSettings = {
				ASSETCATALOG_COMPILER_APPICON_NAME = AppIcon;
				ASSETCATALOG_COMPILER_GLOBAL_ACCENT_COLOR_NAME = AccentColor;
				CODE_SIGN_STYLE = Automatic;
				CURRENT_PROJECT_VERSION = 1;
				GENERATE_INFOPLIST_FILE = YES;
				INFOPLIST_FILE = "Poker Tutorials and Practice Exercises/Info.plist";
				INFOPLIST_KEY_UIApplicationSupportsIndirectInputEvents = YES;
				INFOPLIST_KEY_UILaunchStoryboardName = LaunchScreen;
				INFOPLIST_KEY_UIMainStoryboardFile = Main;
				INFOPLIST_KEY_UISupportedInterfaceOrientations_iPad = "UIInterfaceOrientationPortrait UIInterfaceOrientationPortraitUpsideDown UIInterfaceOrientationLandscapeLeft UIInterfaceOrientationLandscapeRight";
				INFOPLIST_KEY_UISupportedInterfaceOrientations_iPhone = "UIInterfaceOrientationPortrait UIInterfaceOrientationLandscapeLeft UIInterfaceOrientationLandscapeRight";
				LD_RUNPATH_SEARCH_PATHS = (
					"$(inherited)",
					"@executable_path/Frameworks",
				);
				MARKETING_VERSION = 1.0;
				PRODUCT_BUNDLE_IDENTIFIER = "com2.Poker-Tutorials-and-Practice-Exercises";
				PRODUCT_NAME = "$(TARGET_NAME)";
				SWIFT_EMIT_LOC_STRINGS = YES;
				SWIFT_VERSION = 5.0;
				TARGETED_DEVICE_FAMILY = "1,2";
			};
			name = Release;
		};
/* End XCBuildConfiguration section */

/* Begin XCConfigurationList section */
		048C3E852A309256008B0BED /* Build configuration list for PBXProject "Poker Tutorials and Practice Exercises" */ = {
			isa = XCConfigurationList;
			buildConfigurations = (
				048C3E9F2A309259008B0BED /* Debug */,
				048C3EA02A309259008B0BED /* Release */,
			);
			defaultConfigurationIsVisible = 0;
			defaultConfigurationName = Release;
		};
		048C3EA12A309259008B0BED /* Build configuration list for PBXNativeTarget "Poker Tutorials and Practice Exercises" */ = {
			isa = XCConfigurationList;
			buildConfigurations = (
				048C3EA22A309259008B0BED /* Debug */,
				048C3EA32A309259008B0BED /* Release */,
			);
			defaultConfigurationIsVisible = 0;
			defaultConfigurationName = Release;
		};
/* End XCConfigurationList section */

/* Begin XCVersionGroup section */
		048C3E962A309257008B0BED /* Poker_Tutorials_and_Practice_Exercises.xcdatamodeld */ = {
			isa = XCVersionGroup;
			children = (
				048C3E972A309257008B0BED /* Poker_Tutorials_and_Practice_Exercises.xcdatamodel */,
			);
			currentVersion = 048C3E972A309257008B0BED /* Poker_Tutorials_and_Practice_Exercises.xcdatamodel */;
			path = Poker_Tutorials_and_Practice_Exercises.xcdatamodeld;
			sourceTree = "<group>";
			versionGroupType = wrapper.xcdatamodel;
		};
/* End XCVersionGroup section */
	};
	rootObject = 048C3E822A309256008B0BED /* Project object */;
}
